
Microsoft Visual Studio Solution File, Format Version 12.00
# Visual Studio Version 16
VisualStudioVersion = 16.0.30114.105
MinimumVisualStudioVersion = 10.0.40219.1
Project("{2150E333-8FDC-42A3-9474-1A3956D46DE8}") = "Capas", "Capas", "{C794AA12-FAAE-43A3-9634-3E755CDC19FD}"
EndProject
Project("{2150E333-8FDC-42A3-9474-1A3956D46DE8}") = "2.Aplicacion", "2.Aplicacion", "{E5A18B40-D850-4919-BA8A-B8F845834A01}"
EndProject
Project("{2150E333-8FDC-42A3-9474-1A3956D46DE8}") = "3.Dominio", "3.Dominio", "{23D0C186-6DE6-44EB-B988-4D0513F9BEC8}"
EndProject
Project("{2150E333-8FDC-42A3-9474-1A3956D46DE8}") = "1.Presentacion", "1.Presentacion", "{9F3BC991-AE2A-41F0-B132-500D4267A445}"
EndProject
Project("{2150E333-8FDC-42A3-9474-1A3956D46DE8}") = "4.Persistencia", "4.Persistencia", "{20CF5F60-EC13-4E84-980B-81736C2BD769}"
EndProject
Project("{2150E333-8FDC-42A3-9474-1A3956D46DE8}") = "1.1.Web", "1.1.Web", "{B23956BA-0791-495C-8CCC-3B544591CC7B}"
EndProject
Project("{2150E333-8FDC-42A3-9474-1A3956D46DE8}") = "1.2.WindowsForms", "1.2.WindowsForms", "{B938BA36-5794-463F-9996-A47CC53E016C}"
EndProject
Project("{FAE04EC0-301F-11D3-BF4B-00C04F79EFBC}") = "CapaPresentacion.Web", "CapaPresentacion.Web\CapaPresentacion.Web.csproj", "{155E7655-39EC-4730-8B08-5478A8537887}"
EndProject
Project("{FAE04EC0-301F-11D3-BF4B-00C04F79EFBC}") = "CapaPresentacion.WindowsForms", "CapaPresentacion.WindowsForms\CapaPresentacion.WindowsForms.csproj", "{76837FFA-1C93-472E-B87B-7F6AA140E8F7}"
EndProject
Project("{FAE04EC0-301F-11D3-BF4B-00C04F79EFBC}") = "CapaAplicacion", "CapaAplicacion\CapaAplicacion.csproj", "{B729C61E-D537-40B4-BE52-EF10B3342B5E}"
EndProject
Project("{FAE04EC0-301F-11D3-BF4B-00C04F79EFBC}") = "CapaDominio", "CapaDominio\CapaDominio.csproj", "{AAA8ACBA-46B8-4927-BF14-4564C0209088}"
EndProject
Project("{FAE04EC0-301F-11D3-BF4B-00C04F79EFBC}") = "CapaPersistencia", "CapaPersistencia\CapaPersistencia.csproj", "{3B1A630C-5A5F-4FF4-8DB2-06C829C46E5E}"
EndProject
Project("{2150E333-8FDC-42A3-9474-1A3956D46DE8}") = "5. Pruebas", "5. Pruebas", "{4ACA913E-4632-4202-B735-0AD33DBADFA8}"
EndProject
Project("{FAE04EC0-301F-11D3-BF4B-00C04F79EFBC}") = "ProyectoNominaSoftTest", "ProyectoNominaSoftTest\ProyectoNominaSoftTest.csproj", "{3F742678-C251-40EF-8D36-A543AFE972A5}"
EndProject
Global
	GlobalSection(SolutionConfigurationPlatforms) = preSolution
		Debug|Any CPU = Debug|Any CPU
		Release|Any CPU = Release|Any CPU
	EndGlobalSection
	GlobalSection(ProjectConfigurationPlatforms) = postSolution
		{155E7655-39EC-4730-8B08-5478A8537887}.Debug|Any CPU.ActiveCfg = Debug|Any CPU
		{155E7655-39EC-4730-8B08-5478A8537887}.Debug|Any CPU.Build.0 = Debug|Any CPU
		{155E7655-39EC-4730-8B08-5478A8537887}.Release|Any CPU.ActiveCfg = Release|Any CPU
		{155E7655-39EC-4730-8B08-5478A8537887}.Release|Any CPU.Build.0 = Release|Any CPU
		{76837FFA-1C93-472E-B87B-7F6AA140E8F7}.Debug|Any CPU.ActiveCfg = Debug|Any CPU
		{76837FFA-1C93-472E-B87B-7F6AA140E8F7}.Debug|Any CPU.Build.0 = Debug|Any CPU
		{76837FFA-1C93-472E-B87B-7F6AA140E8F7}.Release|Any CPU.ActiveCfg = Release|Any CPU
		{76837FFA-1C93-472E-B87B-7F6AA140E8F7}.Release|Any CPU.Build.0 = Release|Any CPU
		{B729C61E-D537-40B4-BE52-EF10B3342B5E}.Debug|Any CPU.ActiveCfg = Debug|Any CPU
		{B729C61E-D537-40B4-BE52-EF10B3342B5E}.Debug|Any CPU.Build.0 = Debug|Any CPU
		{B729C61E-D537-40B4-BE52-EF10B3342B5E}.Release|Any CPU.ActiveCfg = Release|Any CPU
		{B729C61E-D537-40B4-BE52-EF10B3342B5E}.Release|Any CPU.Build.0 = Release|Any CPU
		{AAA8ACBA-46B8-4927-BF14-4564C0209088}.Debug|Any CPU.ActiveCfg = Debug|Any CPU
		{AAA8ACBA-46B8-4927-BF14-4564C0209088}.Debug|Any CPU.Build.0 = Debug|Any CPU
		{AAA8ACBA-46B8-4927-BF14-4564C0209088}.Release|Any CPU.ActiveCfg = Release|Any CPU
		{AAA8ACBA-46B8-4927-BF14-4564C0209088}.Release|Any CPU.Build.0 = Release|Any CPU
		{3B1A630C-5A5F-4FF4-8DB2-06C829C46E5E}.Debug|Any CPU.ActiveCfg = Debug|Any CPU
		{3B1A630C-5A5F-4FF4-8DB2-06C829C46E5E}.Debug|Any CPU.Build.0 = Debug|Any CPU
		{3B1A630C-5A5F-4FF4-8DB2-06C829C46E5E}.Release|Any CPU.ActiveCfg = Release|Any CPU
		{3B1A630C-5A5F-4FF4-8DB2-06C829C46E5E}.Release|Any CPU.Build.0 = Release|Any CPU
		{3F742678-C251-40EF-8D36-A543AFE972A5}.Debug|Any CPU.ActiveCfg = Debug|Any CPU
		{3F742678-C251-40EF-8D36-A543AFE972A5}.Debug|Any CPU.Build.0 = Debug|Any CPU
		{3F742678-C251-40EF-8D36-A543AFE972A5}.Release|Any CPU.ActiveCfg = Release|Any CPU
		{3F742678-C251-40EF-8D36-A543AFE972A5}.Release|Any CPU.Build.0 = Release|Any CPU
	EndGlobalSection
	GlobalSection(SolutionProperties) = preSolution
		HideSolutionNode = FALSE
	EndGlobalSection
	GlobalSection(NestedProjects) = preSolution
		{E5A18B40-D850-4919-BA8A-B8F845834A01} = {C794AA12-FAAE-43A3-9634-3E755CDC19FD}
		{23D0C186-6DE6-44EB-B988-4D0513F9BEC8} = {C794AA12-FAAE-43A3-9634-3E755CDC19FD}
		{9F3BC991-AE2A-41F0-B132-500D4267A445} = {C794AA12-FAAE-43A3-9634-3E755CDC19FD}
		{20CF5F60-EC13-4E84-980B-81736C2BD769} = {C794AA12-FAAE-43A3-9634-3E755CDC19FD}
		{B23956BA-0791-495C-8CCC-3B544591CC7B} = {9F3BC991-AE2A-41F0-B132-500D4267A445}
		{B938BA36-5794-463F-9996-A47CC53E016C} = {9F3BC991-AE2A-41F0-B132-500D4267A445}
		{155E7655-39EC-4730-8B08-5478A8537887} = {B23956BA-0791-495C-8CCC-3B544591CC7B}
		{76837FFA-1C93-472E-B87B-7F6AA140E8F7} = {B938BA36-5794-463F-9996-A47CC53E016C}
		{B729C61E-D537-40B4-BE52-EF10B3342B5E} = {E5A18B40-D850-4919-BA8A-B8F845834A01}
		{AAA8ACBA-46B8-4927-BF14-4564C0209088} = {23D0C186-6DE6-44EB-B988-4D0513F9BEC8}
		{3B1A630C-5A5F-4FF4-8DB2-06C829C46E5E} = {20CF5F60-EC13-4E84-980B-81736C2BD769}
		{4ACA913E-4632-4202-B735-0AD33DBADFA8} = {C794AA12-FAAE-43A3-9634-3E755CDC19FD}
		{3F742678-C251-40EF-8D36-A543AFE972A5} = {4ACA913E-4632-4202-B735-0AD33DBADFA8}
	EndGlobalSection
	GlobalSection(ExtensibilityGlobals) = postSolution
		SolutionGuid = {B6B7909E-30EF-4473-91CA-8BBEAB8D6BEE}
	EndGlobalSection
EndGlobal
